
Microsoft Visual Studio Solution File, Format Version 12.00
# Visual Studio Version 17
VisualStudioVersion = 17.3.32819.101
MinimumVisualStudioVersion = 10.0.40219.1
Project("{9A19103F-16F7-4668-BE54-9A1E7A4F7556}") = "dotnet-jaguarportal", "dotnet-jaguarportal\dotnet-jaguarportal.csproj", "{79A2E48E-65F1-4729-A13C-A65ADEAE66A1}"
EndProject
Project("{FAE04EC0-301F-11D3-BF4B-00C04F79EFBC}") = "dotnet-jaguarportalTests", "dotnet-jaguarportalTests\dotnet-jaguarportalTests.csproj", "{50C39EBD-46BB-4E50-8B2E-8A5DFD4B153A}"
EndProject
Global
	GlobalSection(SolutionConfigurationPlatforms) = preSolution
		Debug|Any CPU = Debug|Any CPU
		Release|Any CPU = Release|Any CPU
	EndGlobalSection
	GlobalSection(ProjectConfigurationPlatforms) = postSolution
		{79A2E48E-65F1-4729-A13C-A65ADEAE66A1}.Debug|Any CPU.ActiveCfg = Debug|Any CPU
		{79A2E48E-65F1-4729-A13C-A65ADEAE66A1}.Debug|Any CPU.Build.0 = Debug|Any CPU
		{79A2E48E-65F1-4729-A13C-A65ADEAE66A1}.Release|Any CPU.ActiveCfg = Release|Any CPU
		{79A2E48E-65F1-4729-A13C-A65ADEAE66A1}.Release|Any CPU.Build.0 = Release|Any CPU
		{50C39EBD-46BB-4E50-8B2E-8A5DFD4B153A}.Debug|Any CPU.ActiveCfg = Debug|Any CPU
		{50C39EBD-46BB-4E50-8B2E-8A5DFD4B153A}.Debug|Any CPU.Build.0 = Debug|Any CPU
		{50C39EBD-46BB-4E50-8B2E-8A5DFD4B153A}.Release|Any CPU.ActiveCfg = Release|Any CPU
		{50C39EBD-46BB-4E50-8B2E-8A5DFD4B153A}.Release|Any CPU.Build.0 = Release|Any CPU
	EndGlobalSection
	GlobalSection(SolutionProperties) = preSolution
		HideSolutionNode = FALSE
	EndGlobalSection
	GlobalSection(ExtensibilityGlobals) = postSolution
		SolutionGuid = {672E6402-336B-4C24-ADA8-57FFFE690BD5}
	EndGlobalSection
EndGlobal
